
Microsoft Visual Studio Solution File, Format Version 12.00
# Visual Studio Version 17
VisualStudioVersion = 17.3.32804.467
MinimumVisualStudioVersion = 10.0.40219.1
Project("{FAE04EC0-301F-11D3-BF4B-00C04F79EFBC}") = "FasReportMvcParameter", "FasReportMvcParameter\FasReportMvcParameter.csproj", "{4A23686C-F060-4A70-A84B-01E35C501FCF}"
EndProject
Global
	GlobalSection(SolutionConfigurationPlatforms) = preSolution
		Debug|Any CPU = Debug|Any CPU
		Release|Any CPU = Release|Any CPU
	EndGlobalSection
	GlobalSection(ProjectConfigurationPlatforms) = postSolution
		{4A23686C-F060-4A70-A84B-01E35C501FCF}.Debug|Any CPU.ActiveCfg = Debug|Any CPU
		{4A23686C-F060-4A70-A84B-01E35C501FCF}.Debug|Any CPU.Build.0 = Debug|Any CPU
		{4A23686C-F060-4A70-A84B-01E35C501FCF}.Release|Any CPU.ActiveCfg = Release|Any CPU
		{4A23686C-F060-4A70-A84B-01E35C501FCF}.Release|Any CPU.Build.0 = Release|Any CPU
	EndGlobalSection
	GlobalSection(SolutionProperties) = preSolution
		HideSolutionNode = FALSE
	EndGlobalSection
	GlobalSection(ExtensibilityGlobals) = postSolution
		SolutionGuid = {352A2EC0-611A-4173-87C1-76513C74F84C}
	EndGlobalSection
EndGlobal
